{
  "originHash" : "8545bb74948975b3cfec42d80d499dcc86f5a1014cba74c9e2c97a21fa9d4227",
  "pins" : [
    {
      "identity" : "permissionflow",
      "kind" : "remoteSourceControl",
      "location" : "https://github.com/jaywcjlove/PermissionFlow",
      "state" : {
        "revision" : "2f2a4b76b1eb2ff7ab815b977be8229853f10bf8"
      }
    },
    {
      "identity" : "sparkle",
      "kind" : "remoteSourceControl",
      "location" : "https://github.com/sparkle-project/Sparkle",
      "state" : {
        "revision" : "5581748cef2bae787496fe6d61139aebe0a451f6",
        "version" : "2.8.1"
      }
    }
  ],
  "version" : 3
}
